
Microsoft Visual Studio Solution File, Format Version 12.00
# Visual Studio Version 16
VisualStudioVersion = 16.0.31424.327
MinimumVisualStudioVersion = 10.0.40219.1
Project("{FAE04EC0-301F-11D3-BF4B-00C04F79EFBC}") = "Controle", "Controle\Controle.csproj", "{550DAACC-CB64-49B7-B5E5-2895158BF229}"
EndProject
Global
	GlobalSection(SolutionConfigurationPlatforms) = preSolution
		Debug|Any CPU = Debug|Any CPU
		Release|Any CPU = Release|Any CPU
	EndGlobalSection
	GlobalSection(ProjectConfigurationPlatforms) = postSolution
		{550DAACC-CB64-49B7-B5E5-2895158BF229}.Debug|Any CPU.ActiveCfg = Debug|Any CPU
		{550DAACC-CB64-49B7-B5E5-2895158BF229}.Debug|Any CPU.Build.0 = Debug|Any CPU
		{550DAACC-CB64-49B7-B5E5-2895158BF229}.Release|Any CPU.ActiveCfg = Release|Any CPU
		{550DAACC-CB64-49B7-B5E5-2895158BF229}.Release|Any CPU.Build.0 = Release|Any CPU
	EndGlobalSection
	GlobalSection(SolutionProperties) = preSolution
		HideSolutionNode = FALSE
	EndGlobalSection
	GlobalSection(ExtensibilityGlobals) = postSolution
		SolutionGuid = {E33DDB5D-0916-42EF-A863-B843D87CA268}
	EndGlobalSection
EndGlobal
